# Generated by buf. DO NOT EDIT.
version: v1
deps:
  - remote: buf.build
    owner: googleapis
    repository: googleapis
    commit: a86849a25cc04f4dbe9b15ddddfbc488
    digest: shake256:e19143328f8cbfe13fc226aeee5e63773ca494693a72740a7560664270039a380d94a1344234b88c7691311460df9a9b1c2982190d0a2612eae80368718e1943
  - remote: buf.build
    owner: grpc
    repository: grpc
    commit: ff5662c7e50149f3b007ee6481105c5d
    digest: shake256:9448b300198378b91aa68e56ad5b9d27a1ffd04697ce36407b9638e01fc3d26a6adddcbedb3de882f8b6545079250294eeb921a0f337e149a0856ff47114cadd
