# Generated by buf. DO NOT EDIT.
version: v1
deps:
  - remote: buf.build
    owner: googleapis
    repository: googleapis
    commit: 7e6f6e774e29406da95bd61cdcdbc8bc
    digest: shake256:fe43dd2265ea0c07d76bd925eeba612667cf4c948d2ce53d6e367e1b4b3cb5fa69a51e6acb1a6a50d32f894f054a35e6c0406f6808a483f2752e10c866ffbf73
  - remote: buf.build
    owner: grpc
    repository: grpc
    commit: 2839ffc44e6d44ddbdc1e9f91c93c59f
    digest: shake256:f7f72fd47d851ef6e41c47bd22febfddbd2b17282bd73e7387d96fb7ae3c961f46b6edb7c6da6aa54653dee67e67c6753ae2abb40966635325a0dd2ef06037c1
