# Generated by buf. DO NOT EDIT.
version: v1
deps:
  - remote: buf.build
    owner: googleapis
    repository: googleapis
    commit: e874a0be2bf140a5a4c7d4122c635823
    digest: shake256:4fe3036b4d706f6ee2b13c730bd04777f021dfd02ed27e6e40480acfe664a7548238312ee0727fd77648a38d227e296d43f4a38a34cdd46068156211016d9657
  - remote: buf.build
    owner: grpc
    repository: grpc
    commit: 575a337f8c494410880308ca49987ecd
    digest: shake256:e9a4d2dad62332ca2c81116896838f94d47c38a476b4bda6996c20f9e4bfaf32ca47ac236fe92700ab34a48b29ca1e0c30f10753d037c2b0f7319d9a910bd91e
