# Generated by buf. DO NOT EDIT.
version: v1
deps:
  - remote: buf.build
    owner: googleapis
    repository: googleapis
    commit: a86849a25cc04f4dbe9b15ddddfbc488
    digest: shake256:e19143328f8cbfe13fc226aeee5e63773ca494693a72740a7560664270039a380d94a1344234b88c7691311460df9a9b1c2982190d0a2612eae80368718e1943
  - remote: buf.build
    owner: grpc
    repository: grpc
    commit: 575a337f8c494410880308ca49987ecd
    digest: shake256:e9a4d2dad62332ca2c81116896838f94d47c38a476b4bda6996c20f9e4bfaf32ca47ac236fe92700ab34a48b29ca1e0c30f10753d037c2b0f7319d9a910bd91e
