{
  "name": "graaljs-packages",
  "version": "1.0.0",
  "lockfileVersion": 2,
  "requires": true,
  "packages": {
    "": {
      "name": "graaljs-packages",
      "version": "1.0.0",
      "license": "ISC",
      "dependencies": {
        "dayjs": "^1.11.7",
        "json-schema-faker": "^0.5.0",
        "lodash": "^4.17.21",
        "node-inspect-extracted": "^2.0.0",
        "safe-stable-stringify": "^2.4.2",
        "simple-statistics": "^7.8.0"
      },
      "devDependencies": {
        "esbuild": "^0.16.14"
      }
    },
    "node_modules/@esbuild/darwin-x64": {
      "version": "0.16.14",
      "resolved": "https://registry.npmjs.org/@esbuild/darwin-x64/-/darwin-x64-0.16.14.tgz",
      "integrity": "sha512-KV1E01eC2hGYA2qzFDRCK4wdZCRUvMwCNcobgpiiOzp5QXpJBqFPdxI69j8vvzuU7oxFXDgANwEkXvpeQqyOyg==",
      "cpu": [
        "x64"
      ],
      "dev": true,
      "optional": true,
      "os": [
        "darwin"
      ],
      "engines": {
        "node": ">=12"
      }
    },
    "node_modules/argparse": {
      "version": "1.0.10",
      "resolved": "https://registry.npmjs.org/argparse/-/argparse-1.0.10.tgz",
      "integrity": "sha512-o5Roy6tNG4SL/FOkCAN6RzjiakZS25RLYFrcMttJqbdd8BWrnA+fGz57iN5Pb06pvBGvl5gQ0B48dJlslXvoTg==",
      "dependencies": {
        "sprintf-js": "~1.0.2"
      }
    },
    "node_modules/call-me-maybe": {
      "version": "1.0.2",
      "resolved": "https://registry.npmjs.org/call-me-maybe/-/call-me-maybe-1.0.2.tgz",
      "integrity": "sha512-HpX65o1Hnr9HH25ojC1YGs7HCQLq0GCOibSaWER0eNpgJ/Z1MZv2mTc7+xh6WOPxbRVcmgbv4hGU+uSQ/2xFZQ=="
    },
    "node_modules/dayjs": {
      "version": "1.11.7",
      "resolved": "https://registry.npmjs.org/dayjs/-/dayjs-1.11.7.tgz",
      "integrity": "sha512-+Yw9U6YO5TQohxLcIkrXBeY73WP3ejHWVvx8XCk3gxvQDCTEmS48ZrSZCKciI7Bhl/uCMyxYtE9UqRILmFphkQ=="
    },
    "node_modules/esbuild": {
      "version": "0.16.14",
      "resolved": "https://registry.npmjs.org/esbuild/-/esbuild-0.16.14.tgz",
      "integrity": "sha512-6xAn3O6ZZyoxZAEkwfI9hw4cEqSr/o1ViJtnkvImVkblmUN65Md04o0S/7H1WNu1XGf1Cjij/on7VO4psIYjkw==",
      "dev": true,
      "hasInstallScript": true,
      "bin": {
        "esbuild": "bin/esbuild"
      },
      "engines": {
        "node": ">=12"
      },
      "optionalDependencies": {
        "@esbuild/android-arm": "0.16.14",
        "@esbuild/android-arm64": "0.16.14",
        "@esbuild/android-x64": "0.16.14",
        "@esbuild/darwin-arm64": "0.16.14",
        "@esbuild/darwin-x64": "0.16.14",
        "@esbuild/freebsd-arm64": "0.16.14",
        "@esbuild/freebsd-x64": "0.16.14",
        "@esbuild/linux-arm": "0.16.14",
        "@esbuild/linux-arm64": "0.16.14",
        "@esbuild/linux-ia32": "0.16.14",
        "@esbuild/linux-loong64": "0.16.14",
        "@esbuild/linux-mips64el": "0.16.14",
        "@esbuild/linux-ppc64": "0.16.14",
        "@esbuild/linux-riscv64": "0.16.14",
        "@esbuild/linux-s390x": "0.16.14",
        "@esbuild/linux-x64": "0.16.14",
        "@esbuild/netbsd-x64": "0.16.14",
        "@esbuild/openbsd-x64": "0.16.14",
        "@esbuild/sunos-x64": "0.16.14",
        "@esbuild/win32-arm64": "0.16.14",
        "@esbuild/win32-ia32": "0.16.14",
        "@esbuild/win32-x64": "0.16.14"
      }
    },
    "node_modules/esprima": {
      "version": "4.0.1",
      "resolved": "https://registry.npmjs.org/esprima/-/esprima-4.0.1.tgz",
      "integrity": "sha512-eGuFFw7Upda+g4p+QHvnW0RyTX/SVeJBDM/gCtMARO0cLuT2HcEKnTPvhjV6aGeqrCB/sbNop0Kszm0jsaWU4A==",
      "bin": {
        "esparse": "bin/esparse.js",
        "esvalidate": "bin/esvalidate.js"
      },
      "engines": {
        "node": ">=4"
      }
    },
    "node_modules/format-util": {
      "version": "1.0.5",
      "resolved": "https://registry.npmjs.org/format-util/-/format-util-1.0.5.tgz",
      "integrity": "sha512-varLbTj0e0yVyRpqQhuWV+8hlePAgaoFRhNFj50BNjEIrw1/DphHSObtqwskVCPWNgzwPoQrZAbfa/SBiicNeg=="
    },
    "node_modules/js-yaml": {
      "version": "3.14.1",
      "resolved": "https://registry.npmjs.org/js-yaml/-/js-yaml-3.14.1.tgz",
      "integrity": "sha512-okMH7OXXJ7YrN9Ok3/SXrnu4iX9yOk+25nqX4imS2npuvTYDmo/QEZoqwZkYaIDk3jVvBOTOIEgEhaLOynBS9g==",
      "dependencies": {
        "argparse": "^1.0.7",
        "esprima": "^4.0.0"
      },
      "bin": {
        "js-yaml": "bin/js-yaml.js"
      }
    },
    "node_modules/json-schema-faker": {
      "version": "0.5.3",
      "resolved": "https://registry.npmjs.org/json-schema-faker/-/json-schema-faker-0.5.3.tgz",
      "integrity": "sha512-BeIrR0+YSrTbAR9dOMnjbFl1MvHyXnq+Wpdw1FpWZDHWKLzK229hZ5huyPcmzFUfVq1ODwf40WdGVoE266UBUg==",
      "dependencies": {
        "json-schema-ref-parser": "^6.1.0",
        "jsonpath-plus": "^7.2.0"
      },
      "bin": {
        "jsf": "bin/gen.cjs"
      }
    },
    "node_modules/json-schema-ref-parser": {
      "version": "6.1.0",
      "resolved": "https://registry.npmjs.org/json-schema-ref-parser/-/json-schema-ref-parser-6.1.0.tgz",
      "integrity": "sha512-pXe9H1m6IgIpXmE5JSb8epilNTGsmTb2iPohAXpOdhqGFbQjNeHHsZxU+C8w6T81GZxSPFLeUoqDJmzxx5IGuw==",
      "deprecated": "Please switch to @apidevtools/json-schema-ref-parser",
      "dependencies": {
        "call-me-maybe": "^1.0.1",
        "js-yaml": "^3.12.1",
        "ono": "^4.0.11"
      }
    },
    "node_modules/jsonpath-plus": {
      "version": "7.2.0",
      "resolved": "https://registry.npmjs.org/jsonpath-plus/-/jsonpath-plus-7.2.0.tgz",
      "integrity": "sha512-zBfiUPM5nD0YZSBT/o/fbCUlCcepMIdP0CJZxM1+KgA4f2T206f6VAg9e7mX35+KlMaIc5qXW34f3BnwJ3w+RA==",
      "engines": {
        "node": ">=12.0.0"
      }
    },
    "node_modules/lodash": {
      "version": "4.17.21",
      "resolved": "https://registry.npmjs.org/lodash/-/lodash-4.17.21.tgz",
      "integrity": "sha512-v2kDEe57lecTulaDIuNTPy3Ry4gLGJ6Z1O3vE1krgXZNrsQ+LFTGHVxVjcXPs17LhbZVGedAJv8XZ1tvj5FvSg=="
    },
    "node_modules/node-inspect-extracted": {
      "version": "2.0.0",
      "resolved": "https://registry.npmjs.org/node-inspect-extracted/-/node-inspect-extracted-2.0.0.tgz",
      "integrity": "sha512-AqyYYkLvcFALwaU/5L/TPV2JOLpPqt8CW03FnFbQzXrYA9MNEjWdqZX21VXFR3ZSYcI42wdvCyNTkkfhj7oE9g==",
      "engines": {
        "node": ">=14"
      }
    },
    "node_modules/ono": {
      "version": "4.0.11",
      "resolved": "https://registry.npmjs.org/ono/-/ono-4.0.11.tgz",
      "integrity": "sha512-jQ31cORBFE6td25deYeD80wxKBMj+zBmHTrVxnc6CKhx8gho6ipmWM5zj/oeoqioZ99yqBls9Z/9Nss7J26G2g==",
      "dependencies": {
        "format-util": "^1.0.3"
      }
    },
    "node_modules/safe-stable-stringify": {
      "version": "2.4.2",
      "resolved": "https://registry.npmjs.org/safe-stable-stringify/-/safe-stable-stringify-2.4.2.tgz",
      "integrity": "sha512-gMxvPJYhP0O9n2pvcfYfIuYgbledAOJFcqRThtPRmjscaipiwcwPPKLytpVzMkG2HAN87Qmo2d4PtGiri1dSLA==",
      "engines": {
        "node": ">=10"
      }
    },
    "node_modules/simple-statistics": {
      "version": "7.8.0",
      "resolved": "https://registry.npmjs.org/simple-statistics/-/simple-statistics-7.8.0.tgz",
      "integrity": "sha512-lTWbfJc0u6GZhBojLOrlHJMTHu6PdUjSsYLrpiH902dVBiYJyWlN/LdSoG8b5VvfG1D30gIBgarqMNeNmU5nAA==",
      "engines": {
        "node": "*"
      }
    },
    "node_modules/sprintf-js": {
      "version": "1.0.3",
      "resolved": "https://registry.npmjs.org/sprintf-js/-/sprintf-js-1.0.3.tgz",
      "integrity": "sha512-D9cPgkvLlV3t3IzL0D0YLvGA9Ahk4PcvVwUbN0dSGr1aP0Nrt4AEnTUbuGvquEC0mA64Gqt1fzirlRs5ibXx8g=="
    }
  },
  "dependencies": {
    "@esbuild/darwin-x64": {
      "version": "0.16.14",
      "resolved": "https://registry.npmjs.org/@esbuild/darwin-x64/-/darwin-x64-0.16.14.tgz",
      "integrity": "sha512-KV1E01eC2hGYA2qzFDRCK4wdZCRUvMwCNcobgpiiOzp5QXpJBqFPdxI69j8vvzuU7oxFXDgANwEkXvpeQqyOyg==",
      "dev": true,
      "optional": true
    },
    "argparse": {
      "version": "1.0.10",
      "resolved": "https://registry.npmjs.org/argparse/-/argparse-1.0.10.tgz",
      "integrity": "sha512-o5Roy6tNG4SL/FOkCAN6RzjiakZS25RLYFrcMttJqbdd8BWrnA+fGz57iN5Pb06pvBGvl5gQ0B48dJlslXvoTg==",
      "requires": {
        "sprintf-js": "~1.0.2"
      }
    },
    "call-me-maybe": {
      "version": "1.0.2",
      "resolved": "https://registry.npmjs.org/call-me-maybe/-/call-me-maybe-1.0.2.tgz",
      "integrity": "sha512-HpX65o1Hnr9HH25ojC1YGs7HCQLq0GCOibSaWER0eNpgJ/Z1MZv2mTc7+xh6WOPxbRVcmgbv4hGU+uSQ/2xFZQ=="
    },
    "dayjs": {
      "version": "1.11.7",
      "resolved": "https://registry.npmjs.org/dayjs/-/dayjs-1.11.7.tgz",
      "integrity": "sha512-+Yw9U6YO5TQohxLcIkrXBeY73WP3ejHWVvx8XCk3gxvQDCTEmS48ZrSZCKciI7Bhl/uCMyxYtE9UqRILmFphkQ=="
    },
    "esbuild": {
      "version": "0.16.14",
      "resolved": "https://registry.npmjs.org/esbuild/-/esbuild-0.16.14.tgz",
      "integrity": "sha512-6xAn3O6ZZyoxZAEkwfI9hw4cEqSr/o1ViJtnkvImVkblmUN65Md04o0S/7H1WNu1XGf1Cjij/on7VO4psIYjkw==",
      "dev": true,
      "requires": {
        "@esbuild/android-arm": "0.16.14",
        "@esbuild/android-arm64": "0.16.14",
        "@esbuild/android-x64": "0.16.14",
        "@esbuild/darwin-arm64": "0.16.14",
        "@esbuild/darwin-x64": "0.16.14",
        "@esbuild/freebsd-arm64": "0.16.14",
        "@esbuild/freebsd-x64": "0.16.14",
        "@esbuild/linux-arm": "0.16.14",
        "@esbuild/linux-arm64": "0.16.14",
        "@esbuild/linux-ia32": "0.16.14",
        "@esbuild/linux-loong64": "0.16.14",
        "@esbuild/linux-mips64el": "0.16.14",
        "@esbuild/linux-ppc64": "0.16.14",
        "@esbuild/linux-riscv64": "0.16.14",
        "@esbuild/linux-s390x": "0.16.14",
        "@esbuild/linux-x64": "0.16.14",
        "@esbuild/netbsd-x64": "0.16.14",
        "@esbuild/openbsd-x64": "0.16.14",
        "@esbuild/sunos-x64": "0.16.14",
        "@esbuild/win32-arm64": "0.16.14",
        "@esbuild/win32-ia32": "0.16.14",
        "@esbuild/win32-x64": "0.16.14"
      }
    },
    "esprima": {
      "version": "4.0.1",
      "resolved": "https://registry.npmjs.org/esprima/-/esprima-4.0.1.tgz",
      "integrity": "sha512-eGuFFw7Upda+g4p+QHvnW0RyTX/SVeJBDM/gCtMARO0cLuT2HcEKnTPvhjV6aGeqrCB/sbNop0Kszm0jsaWU4A=="
    },
    "format-util": {
      "version": "1.0.5",
      "resolved": "https://registry.npmjs.org/format-util/-/format-util-1.0.5.tgz",
      "integrity": "sha512-varLbTj0e0yVyRpqQhuWV+8hlePAgaoFRhNFj50BNjEIrw1/DphHSObtqwskVCPWNgzwPoQrZAbfa/SBiicNeg=="
    },
    "js-yaml": {
      "version": "3.14.1",
      "resolved": "https://registry.npmjs.org/js-yaml/-/js-yaml-3.14.1.tgz",
      "integrity": "sha512-okMH7OXXJ7YrN9Ok3/SXrnu4iX9yOk+25nqX4imS2npuvTYDmo/QEZoqwZkYaIDk3jVvBOTOIEgEhaLOynBS9g==",
      "requires": {
        "argparse": "^1.0.7",
        "esprima": "^4.0.0"
      }
    },
    "json-schema-faker": {
      "version": "0.5.3",
      "resolved": "https://registry.npmjs.org/json-schema-faker/-/json-schema-faker-0.5.3.tgz",
      "integrity": "sha512-BeIrR0+YSrTbAR9dOMnjbFl1MvHyXnq+Wpdw1FpWZDHWKLzK229hZ5huyPcmzFUfVq1ODwf40WdGVoE266UBUg==",
      "requires": {
        "json-schema-ref-parser": "^6.1.0",
        "jsonpath-plus": "^7.2.0"
      }
    },
    "json-schema-ref-parser": {
      "version": "6.1.0",
      "resolved": "https://registry.npmjs.org/json-schema-ref-parser/-/json-schema-ref-parser-6.1.0.tgz",
      "integrity": "sha512-pXe9H1m6IgIpXmE5JSb8epilNTGsmTb2iPohAXpOdhqGFbQjNeHHsZxU+C8w6T81GZxSPFLeUoqDJmzxx5IGuw==",
      "requires": {
        "call-me-maybe": "^1.0.1",
        "js-yaml": "^3.12.1",
        "ono": "^4.0.11"
      }
    },
    "jsonpath-plus": {
      "version": "7.2.0",
      "resolved": "https://registry.npmjs.org/jsonpath-plus/-/jsonpath-plus-7.2.0.tgz",
      "integrity": "sha512-zBfiUPM5nD0YZSBT/o/fbCUlCcepMIdP0CJZxM1+KgA4f2T206f6VAg9e7mX35+KlMaIc5qXW34f3BnwJ3w+RA=="
    },
    "lodash": {
      "version": "4.17.21",
      "resolved": "https://registry.npmjs.org/lodash/-/lodash-4.17.21.tgz",
      "integrity": "sha512-v2kDEe57lecTulaDIuNTPy3Ry4gLGJ6Z1O3vE1krgXZNrsQ+LFTGHVxVjcXPs17LhbZVGedAJv8XZ1tvj5FvSg=="
    },
    "node-inspect-extracted": {
      "version": "2.0.0",
      "resolved": "https://registry.npmjs.org/node-inspect-extracted/-/node-inspect-extracted-2.0.0.tgz",
      "integrity": "sha512-AqyYYkLvcFALwaU/5L/TPV2JOLpPqt8CW03FnFbQzXrYA9MNEjWdqZX21VXFR3ZSYcI42wdvCyNTkkfhj7oE9g=="
    },
    "ono": {
      "version": "4.0.11",
      "resolved": "https://registry.npmjs.org/ono/-/ono-4.0.11.tgz",
      "integrity": "sha512-jQ31cORBFE6td25deYeD80wxKBMj+zBmHTrVxnc6CKhx8gho6ipmWM5zj/oeoqioZ99yqBls9Z/9Nss7J26G2g==",
      "requires": {
        "format-util": "^1.0.3"
      }
    },
    "safe-stable-stringify": {
      "version": "2.4.2",
      "resolved": "https://registry.npmjs.org/safe-stable-stringify/-/safe-stable-stringify-2.4.2.tgz",
      "integrity": "sha512-gMxvPJYhP0O9n2pvcfYfIuYgbledAOJFcqRThtPRmjscaipiwcwPPKLytpVzMkG2HAN87Qmo2d4PtGiri1dSLA=="
    },
    "simple-statistics": {
      "version": "7.8.0",
      "resolved": "https://registry.npmjs.org/simple-statistics/-/simple-statistics-7.8.0.tgz",
      "integrity": "sha512-lTWbfJc0u6GZhBojLOrlHJMTHu6PdUjSsYLrpiH902dVBiYJyWlN/LdSoG8b5VvfG1D30gIBgarqMNeNmU5nAA=="
    },
    "sprintf-js": {
      "version": "1.0.3",
      "resolved": "https://registry.npmjs.org/sprintf-js/-/sprintf-js-1.0.3.tgz",
      "integrity": "sha512-D9cPgkvLlV3t3IzL0D0YLvGA9Ahk4PcvVwUbN0dSGr1aP0Nrt4AEnTUbuGvquEC0mA64Gqt1fzirlRs5ibXx8g=="
    }
  }
}
